// !$*UTF8*$!
{
	archiveVersion = 1;
	classes = {
	};
	objectVersion = 50;
	objects = {

/* Begin PBXBuildFile section */
		416FAD22268F7EE800F00C63 /* MemorizeGameTheme.swift in Sources */ = {isa = PBXBuildFile; fileRef = 416FAD21268F7EE800F00C63 /* MemorizeGameTheme.swift */; };
		4199612526C0CDC800072EBC /* Cardify.swift in Sources */ = {isa = PBXBuildFile; fileRef = 4199612426C0CDC800072EBC /* Cardify.swift */; };
		41DF6AE6269F2CF9001D4ED9 /* AspectVGrid.swift in Sources */ = {isa = PBXBuildFile; fileRef = 41DF6AE5269F2CF9001D4ED9 /* AspectVGrid.swift */; };
		41DF6AE8269F3162001D4ED9 /* Pie.swift in Sources */ = {isa = PBXBuildFile; fileRef = 41DF6AE7269F3162001D4ED9 /* Pie.swift */; };
		A0054AF7268866D900EDD240 /* MemorizeGame.swift in Sources */ = {isa = PBXBuildFile; fileRef = A0054AF6268866D900EDD240 /* MemorizeGame.swift */; };
		A0054AF9268866EC00EDD240 /* EmojyMemorizeGame.swift in Sources */ = {isa = PBXBuildFile; fileRef = A0054AF8268866EC00EDD240 /* EmojyMemorizeGame.swift */; };
		A06E086D26749A8000EFCD8F /* MemorizeApp.swift in Sources */ = {isa = PBXBuildFile; fileRef = A06E086C26749A8000EFCD8F /* MemorizeApp.swift */; };
		A06E086F26749A8000EFCD8F /* EmojyMemorizeGameView.swift in Sources */ = {isa = PBXBuildFile; fileRef = A06E086E26749A8000EFCD8F /* EmojyMemorizeGameView.swift */; };
		A06E087126749A8100EFCD8F /* Assets.xcassets in Resources */ = {isa = PBXBuildFile; fileRef = A06E087026749A8100EFCD8F /* Assets.xcassets */; };
		A06E087426749A8100EFCD8F /* Preview Assets.xcassets in Resources */ = {isa = PBXBuildFile; fileRef = A06E087326749A8100EFCD8F /* Preview Assets.xcassets */; };
/* End PBXBuildFile section */

/* Begin PBXFileReference section */
		416FAD21268F7EE800F00C63 /* MemorizeGameTheme.swift */ = {isa = PBXFileReference; lastKnownFileType = sourcecode.swift; path = MemorizeGameTheme.swift; sourceTree = "<group>"; };
		4199612426C0CDC800072EBC /* Cardify.swift */ = {isa = PBXFileReference; lastKnownFileType = sourcecode.swift; path = Cardify.swift; sourceTree = "<group>"; };
		41DF6AE5269F2CF9001D4ED9 /* AspectVGrid.swift */ = {isa = PBXFileReference; lastKnownFileType = sourcecode.swift; path = AspectVGrid.swift; sourceTree = "<group>"; };
		41DF6AE7269F3162001D4ED9 /* Pie.swift */ = {isa = PBXFileReference; lastKnownFileType = sourcecode.swift; path = Pie.swift; sourceTree = "<group>"; };
		A0054AF6268866D900EDD240 /* MemorizeGame.swift */ = {isa = PBXFileReference; lastKnownFileType = sourcecode.swift; path = MemorizeGame.swift; sourceTree = "<group>"; };
		A0054AF8268866EC00EDD240 /* EmojyMemorizeGame.swift */ = {isa = PBXFileReference; lastKnownFileType = sourcecode.swift; path = EmojyMemorizeGame.swift; sourceTree = "<group>"; };
		A06E086926749A8000EFCD8F /* Memorize.app */ = {isa = PBXFileReference; explicitFileType = wrapper.application; includeInIndex = 0; path = Memorize.app; sourceTree = BUILT_PRODUCTS_DIR; };
		A06E086C26749A8000EFCD8F /* MemorizeApp.swift */ = {isa = PBXFileReference; lastKnownFileType = sourcecode.swift; path = MemorizeApp.swift; sourceTree = "<group>"; };
		A06E086E26749A8000EFCD8F /* EmojyMemorizeGameView.swift */ = {isa = PBXFileReference; lastKnownFileType = sourcecode.swift; path = EmojyMemorizeGameView.swift; sourceTree = "<group>"; };
		A06E087026749A8100EFCD8F /* Assets.xcassets */ = {isa = PBXFileReference; lastKnownFileType = folder.assetcatalog; path = Assets.xcassets; sourceTree = "<group>"; };
		A06E087326749A8100EFCD8F /* Preview Assets.xcassets */ = {isa = PBXFileReference; lastKnownFileType = folder.assetcatalog; path = "Preview Assets.xcassets"; sourceTree = "<group>"; };
		A06E087526749A8100EFCD8F /* Info.plist */ = {isa = PBXFileReference; lastKnownFileType = text.plist.xml; path = Info.plist; sourceTree = "<group>"; };
/* End PBXFileReference section */

/* Begin PBXFrameworksBuildPhase section */
		A06E086626749A8000EFCD8F /* Frameworks */ = {
			isa = PBXFrameworksBuildPhase;
			buildActionMask = 2147483647;
			files = (
			);
			runOnlyForDeploymentPostprocessing = 0;
		};
/* End PBXFrameworksBuildPhase section */

/* Begin PBXGroup section */
		A06E086026749A8000EFCD8F = {
			isa = PBXGroup;
			children = (
				A06E086B26749A8000EFCD8F /* Memorize */,
				A06E086A26749A8000EFCD8F /* Products */,
			);
			sourceTree = "<group>";
		};
		A06E086A26749A8000EFCD8F /* Products */ = {
			isa = PBXGroup;
			children = (
				A06E086926749A8000EFCD8F /* Memorize.app */,
			);
			name = Products;
			sourceTree = "<group>";
		};
		A06E086B26749A8000EFCD8F /* Memorize */ = {
			isa = PBXGroup;
			children = (
				A06E086C26749A8000EFCD8F /* MemorizeApp.swift */,
				A06E086E26749A8000EFCD8F /* EmojyMemorizeGameView.swift */,
				A06E087026749A8100EFCD8F /* Assets.xcassets */,
				A06E087526749A8100EFCD8F /* Info.plist */,
				A06E087226749A8100EFCD8F /* Preview Content */,
				A0054AF6268866D900EDD240 /* MemorizeGame.swift */,
				A0054AF8268866EC00EDD240 /* EmojyMemorizeGame.swift */,
				416FAD21268F7EE800F00C63 /* MemorizeGameTheme.swift */,
				41DF6AE5269F2CF9001D4ED9 /* AspectVGrid.swift */,
				41DF6AE7269F3162001D4ED9 /* Pie.swift */,
				4199612426C0CDC800072EBC /* Cardify.swift */,
			);
			path = Memorize;
			sourceTree = "<group>";
		};
		A06E087226749A8100EFCD8F /* Preview Content */ = {
			isa = PBXGroup;
			children = (
				A06E087326749A8100EFCD8F /* Preview Assets.xcassets */,
			);
			path = "Preview Content";
			sourceTree = "<group>";
		};
/* End PBXGroup section */

/* Begin PBXNativeTarget section */
		A06E086826749A8000EFCD8F /* Memorize */ = {
			isa = PBXNativeTarget;
			buildConfigurationList = A06E087826749A8100EFCD8F /* Build configuration list for PBXNativeTarget "Memorize" */;
			buildPhases = (
				A06E086526749A8000EFCD8F /* Sources */,
				A06E086626749A8000EFCD8F /* Frameworks */,
				A06E086726749A8000EFCD8F /* Resources */,
			);
			buildRules = (
			);
			dependencies = (
			);
			name = Memorize;
			productName = Memorize;
			productReference = A06E086926749A8000EFCD8F /* Memorize.app */;
			productType = "com.apple.product-type.application";
		};
/* End PBXNativeTarget section */

/* Begin PBXProject section */
		A06E086126749A8000EFCD8F /* Project object */ = {
			isa = PBXProject;
			attributes = {
				LastSwiftUpdateCheck = 1250;
				LastUpgradeCheck = 1250;
				TargetAttributes = {
					A06E086826749A8000EFCD8F = {
						CreatedOnToolsVersion = 12.5;
					};
				};
			};
			buildConfigurationList = A06E086426749A8000EFCD8F /* Build configuration list for PBXProject "Memorize" */;
			compatibilityVersion = "Xcode 9.3";
			developmentRegion = en;
			hasScannedForEncodings = 0;
			knownRegions = (
				en,
				Base,
			);
			mainGroup = A06E086026749A8000EFCD8F;
			productRefGroup = A06E086A26749A8000EFCD8F /* Products */;
			projectDirPath = "";
			projectRoot = "";
			targets = (
				A06E086826749A8000EFCD8F /* Memorize */,
			);
		};
/* End PBXProject section */

/* Begin PBXResourcesBuildPhase section */
		A06E086726749A8000EFCD8F /* Resources */ = {
			isa = PBXResourcesBuildPhase;
			buildActionMask = 2147483647;
			files = (
				A06E087426749A8100EFCD8F /* Preview Assets.xcassets in Resources */,
				A06E087126749A8100EFCD8F /* Assets.xcassets in Resources */,
			);
			runOnlyForDeploymentPostprocessing = 0;
		};
/* End PBXResourcesBuildPhase section */

/* Begin PBXSourcesBuildPhase section */
		A06E086526749A8000EFCD8F /* Sources */ = {
			isa = PBXSourcesBuildPhase;
			buildActionMask = 2147483647;
			files = (
				41DF6AE8269F3162001D4ED9 /* Pie.swift in Sources */,
				A0054AF9268866EC00EDD240 /* EmojyMemorizeGame.swift in Sources */,
				4199612526C0CDC800072EBC /* Cardify.swift in Sources */,
				A06E086F26749A8000EFCD8F /* EmojyMemorizeGameView.swift in Sources */,
				41DF6AE6269F2CF9001D4ED9 /* AspectVGrid.swift in Sources */,
				A0054AF7268866D900EDD240 /* MemorizeGame.swift in Sources */,
				A06E086D26749A8000EFCD8F /* MemorizeApp.swift in Sources */,
				416FAD22268F7EE800F00C63 /* MemorizeGameTheme.swift in Sources */,
			);
			runOnlyForDeploymentPostprocessing = 0;
		};
/* End PBXSourcesBuildPhase section */

/* Begin XCBuildConfiguration section */
		A06E087626749A8100EFCD8F /* Debug */ = {
			isa = XCBuildConfiguration;
			buildSettings = {
				ALWAYS_SEARCH_USER_PATHS = NO;
				CLANG_ANALYZER_NONNULL = YES;
				CLANG_ANALYZER_NUMBER_OBJECT_CONVERSION = YES_AGGRESSIVE;
				CLANG_CXX_LANGUAGE_STANDARD = "gnu++14";
				CLANG_CXX_LIBRARY = "libc++";
				CLANG_ENABLE_MODULES = YES;
				CLANG_ENABLE_OBJC_ARC = YES;
				CLANG_ENABLE_OBJC_WEAK = YES;
				CLANG_WARN_BLOCK_CAPTURE_AUTORELEASING = YES;
				CLANG_WARN_BOOL_CONVERSION = YES;
				CLANG_WARN_COMMA = YES;
				CLANG_WARN_CONSTANT_CONVERSION = YES;
				CLANG_WARN_DEPRECATED_OBJC_IMPLEMENTATIONS = YES;
				CLANG_WARN_DIRECT_OBJC_ISA_USAGE = YES_ERROR;
				CLANG_WARN_DOCUMENTATION_COMMENTS = YES;
				CLANG_WARN_EMPTY_BODY = YES;
				CLANG_WARN_ENUM_CONVERSION = YES;
				CLANG_WARN_INFINITE_RECURSION = YES;
				CLANG_WARN_INT_CONVERSION = YES;
				CLANG_WARN_NON_LITERAL_NULL_CONVERSION = YES;
				CLANG_WARN_OBJC_IMPLICIT_RETAIN_SELF = YES;
				CLANG_WARN_OBJC_LITERAL_CONVERSION = YES;
				CLANG_WARN_OBJC_ROOT_CLASS = YES_ERROR;
				CLANG_WARN_QUOTED_INCLUDE_IN_FRAMEWORK_HEADER = YES;
				CLANG_WARN_RANGE_LOOP_ANALYSIS = YES;
				CLANG_WARN_STRICT_PROTOTYPES = YES;
				CLANG_WARN_SUSPICIOUS_MOVE = YES;
				CLANG_WARN_UNGUARDED_AVAILABILITY = YES_AGGRESSIVE;
				CLANG_WARN_UNREACHABLE_CODE = YES;
				CLANG_WARN__DUPLICATE_METHOD_MATCH = YES;
				COPY_PHASE_STRIP = NO;
				DEBUG_INFORMATION_FORMAT = dwarf;
				ENABLE_STRICT_OBJC_MSGSEND = YES;
				ENABLE_TESTABILITY = YES;
				GCC_C_LANGUAGE_STANDARD = gnu11;
				GCC_DYNAMIC_NO_PIC = NO;
				GCC_NO_COMMON_BLOCKS = YES;
				GCC_OPTIMIZATION_LEVEL = 0;
				GCC_PREPROCESSOR_DEFINITIONS = (
					"DEBUG=1",
					"$(inherited)",
				);
				GCC_WARN_64_TO_32_BIT_CONVERSION = YES;
				GCC_WARN_ABOUT_RETURN_TYPE = YES_ERROR;
				GCC_WARN_UNDECLARED_SELECTOR = YES;
				GCC_WARN_UNINITIALIZED_AUTOS = YES_AGGRESSIVE;
				GCC_WARN_UNUSED_FUNCTION = YES;
				GCC_WARN_UNUSED_VARIABLE = YES;
				IPHONEOS_DEPLOYMENT_TARGET = 14.5;
				MTL_ENABLE_DEBUG_INFO = INCLUDE_SOURCE;
				MTL_FAST_MATH = YES;
				ONLY_ACTIVE_ARCH = YES;
				SDKROOT = iphoneos;
				SWIFT_ACTIVE_COMPILATION_CONDITIONS = DEBUG;
				SWIFT_OPTIMIZATION_LEVEL = "-Onone";
			};
			name = Debug;
		};
		A06E087726749A8100EFCD8F /* Release */ = {
			isa = XCBuildConfiguration;
			buildSettings = {
				ALWAYS_SEARCH_USER_PATHS = NO;
				CLANG_ANALYZER_NONNULL = YES;
				CLANG_ANALYZER_NUMBER_OBJECT_CONVERSION = YES_AGGRESSIVE;
				CLANG_CXX_LANGUAGE_STANDARD = "gnu++14";
				CLANG_CXX_LIBRARY = "libc++";
				CLANG_ENABLE_MODULES = YES;
				CLANG_ENABLE_OBJC_ARC = YES;
				CLANG_ENABLE_OBJC_WEAK = YES;
				CLANG_WARN_BLOCK_CAPTURE_AUTORELEASING = YES;
				CLANG_WARN_BOOL_CONVERSION = YES;
				CLANG_WARN_COMMA = YES;
				CLANG_WARN_CONSTANT_CONVERSION = YES;
				CLANG_WARN_DEPRECATED_OBJC_IMPLEMENTATIONS = YES;
				CLANG_WARN_DIRECT_OBJC_ISA_USAGE = YES_ERROR;
				CLANG_WARN_DOCUMENTATION_COMMENTS = YES;
				CLANG_WARN_EMPTY_BODY = YES;
				CLANG_WARN_ENUM_CONVERSION = YES;
				CLANG_WARN_INFINITE_RECURSION = YES;
				CLANG_WARN_INT_CONVERSION = YES;
				CLANG_WARN_NON_LITERAL_NULL_CONVERSION = YES;
				CLANG_WARN_OBJC_IMPLICIT_RETAIN_SELF = YES;
				CLANG_WARN_OBJC_LITERAL_CONVERSION = YES;
				CLANG_WARN_OBJC_ROOT_CLASS = YES_ERROR;
				CLANG_WARN_QUOTED_INCLUDE_IN_FRAMEWORK_HEADER = YES;
				CLANG_WARN_RANGE_LOOP_ANALYSIS = YES;
				CLANG_WARN_STRICT_PROTOTYPES = YES;
				CLANG_WARN_SUSPICIOUS_MOVE = YES;
				CLANG_WARN_UNGUARDED_AVAILABILITY = YES_AGGRESSIVE;
				CLANG_WARN_UNREACHABLE_CODE = YES;
				CLANG_WARN__DUPLICATE_METHOD_MATCH = YES;
				COPY_PHASE_STRIP = NO;
				DEBUG_INFORMATION_FORMAT = "dwarf-with-dsym";
				ENABLE_NS_ASSERTIONS = NO;
				ENABLE_STRICT_OBJC_MSGSEND = YES;
				GCC_C_LANGUAGE_STANDARD = gnu11;
				GCC_NO_COMMON_BLOCKS = YES;
				GCC_WARN_64_TO_32_BIT_CONVERSION = YES;
				GCC_WARN_ABOUT_RETURN_TYPE = YES_ERROR;
				GCC_WARN_UNDECLARED_SELECTOR = YES;
				GCC_WARN_UNINITIALIZED_AUTOS = YES_AGGRESSIVE;
				GCC_WARN_UNUSED_FUNCTION = YES;
				GCC_WARN_UNUSED_VARIABLE = YES;
				IPHONEOS_DEPLOYMENT_TARGET = 14.5;
				MTL_ENABLE_DEBUG_INFO = NO;
				MTL_FAST_MATH = YES;
				SDKROOT = iphoneos;
				SWIFT_COMPILATION_MODE = wholemodule;
				SWIFT_OPTIMIZATION_LEVEL = "-O";
				VALIDATE_PRODUCT = YES;
			};
			name = Release;
		};
		A06E087926749A8100EFCD8F /* Debug */ = {
			isa = XCBuildConfiguration;
			buildSettings = {
				ASSETCATALOG_COMPILER_APPICON_NAME = AppIcon;
				ASSETCATALOG_COMPILER_GLOBAL_ACCENT_COLOR_NAME = AccentColor;
				CODE_SIGN_STYLE = Automatic;
				DEVELOPMENT_ASSET_PATHS = "\"Memorize/Preview Content\"";
				DEVELOPMENT_TEAM = G65X83T5KZ;
				ENABLE_PREVIEWS = YES;
				INFOPLIST_FILE = Memorize/Info.plist;
				IPHONEOS_DEPLOYMENT_TARGET = 14.5;
				LD_RUNPATH_SEARCH_PATHS = (
					"$(inherited)",
					"@executable_path/Frameworks",
				);
				PRODUCT_BUNDLE_IDENTIFIER = com.yzhang.Memorize;
				PRODUCT_NAME = "$(TARGET_NAME)";
				SWIFT_VERSION = 5.0;
				TARGETED_DEVICE_FAMILY = "1,2";
			};
			name = Debug;
		};
		A06E087A26749A8100EFCD8F /* Release */ = {
			isa = XCBuildConfiguration;
			buildSettings = {
				ASSETCATALOG_COMPILER_APPICON_NAME = AppIcon;
				ASSETCATALOG_COMPILER_GLOBAL_ACCENT_COLOR_NAME = AccentColor;
				CODE_SIGN_STYLE = Automatic;
				DEVELOPMENT_ASSET_PATHS = "\"Memorize/Preview Content\"";
				DEVELOPMENT_TEAM = G65X83T5KZ;
				ENABLE_PREVIEWS = YES;
				INFOPLIST_FILE = Memorize/Info.plist;
				IPHONEOS_DEPLOYMENT_TARGET = 14.5;
				LD_RUNPATH_SEARCH_PATHS = (
					"$(inherited)",
					"@executable_path/Frameworks",
				);
				PRODUCT_BUNDLE_IDENTIFIER = com.yzhang.Memorize;
				PRODUCT_NAME = "$(TARGET_NAME)";
				SWIFT_VERSION = 5.0;
				TARGETED_DEVICE_FAMILY = "1,2";
			};
			name = Release;
		};
/* End XCBuildConfiguration section */

/* Begin XCConfigurationList section */
		A06E086426749A8000EFCD8F /* Build configuration list for PBXProject "Memorize" */ = {
			isa = XCConfigurationList;
			buildConfigurations = (
				A06E087626749A8100EFCD8F /* Debug */,
				A06E087726749A8100EFCD8F /* Release */,
			);
			defaultConfigurationIsVisible = 0;
			defaultConfigurationName = Release;
		};
		A06E087826749A8100EFCD8F /* Build configuration list for PBXNativeTarget "Memorize" */ = {
			isa = XCConfigurationList;
			buildConfigurations = (
				A06E087926749A8100EFCD8F /* Debug */,
				A06E087A26749A8100EFCD8F /* Release */,
			);
			defaultConfigurationIsVisible = 0;
			defaultConfigurationName = Release;
		};
/* End XCConfigurationList section */
	};
	rootObject = A06E086126749A8000EFCD8F /* Project object */;
}
